{
  "requires": true,
  "lockfileVersion": 1,
  "dependencies": {
    "d3-array": {
      "version": "1.2.4",
      "resolved": "https://registry.npmjs.org/d3-array/-/d3-array-1.2.4.tgz",
      "integrity": "sha512-KHW6M86R+FUPYGb3R5XiYjXPq7VzwxZ22buHhAEVG5ztoEcZZMLov530mmccaqA1GghZArjQV46fuc8kUqhhHw=="
    },
    "d3-collection": {
      "version": "1.0.7",
      "resolved": "https://registry.npmjs.org/d3-collection/-/d3-collection-1.0.7.tgz",
      "integrity": "sha512-ii0/r5f4sjKNTfh84Di+DpztYwqKhEyUlKoPrzUFfeSkWxjW49xU2QzO9qrPrNkpdI0XJkfzvmTu8V2Zylln6A=="
    },
    "d3-color": {
      "version": "1.4.1",
      "resolved": "https://registry.npmjs.org/d3-color/-/d3-color-1.4.1.tgz",
      "integrity": "sha512-p2sTHSLCJI2QKunbGb7ocOh7DgTAn8IrLx21QRc/BSnodXM4sv6aLQlnfpvehFMLZEfBc6g9pH9SWQccFYfJ9Q=="
    },
    "d3-ease": {
      "version": "1.0.7",
      "resolved": "https://registry.npmjs.org/d3-ease/-/d3-ease-1.0.7.tgz",
      "integrity": "sha512-lx14ZPYkhNx0s/2HX5sLFUI3mbasHjSSpwO/KaaNACweVwxUruKyWVcb293wMv1RqTPZyZ8kSZ2NogUZNcLOFQ=="
    },
    "d3-format": {
      "version": "1.4.5",
      "resolved": "https://registry.npmjs.org/d3-format/-/d3-format-1.4.5.tgz",
      "integrity": "sha512-J0piedu6Z8iB6TbIGfZgDzfXxUFN3qQRMofy2oPdXzQibYGqPB/9iMcxr/TGalU+2RsyDO+U4f33id8tbnSRMQ=="
    },
    "d3-interpolate": {
      "version": "1.4.0",
      "resolved": "https://registry.npmjs.org/d3-interpolate/-/d3-interpolate-1.4.0.tgz",
      "integrity": "sha512-V9znK0zc3jOPV4VD2zZn0sDhZU3WAE2bmlxdIwwQPPzPjvyLkd8B3JUVdS1IDUFDkWZ72c9qnv1GK2ZagTZ8EA==",
      "requires": {
        "d3-color": "1"
      }
    },
    "d3-path": {
      "version": "1.0.9",
      "resolved": "https://registry.npmjs.org/d3-path/-/d3-path-1.0.9.tgz",
      "integrity": "sha512-VLaYcn81dtHVTjEHd8B+pbe9yHWpXKZUC87PzoFmsFrJqgFwDe/qxfp5MlfsfM1V5E/iVt0MmEbWQ7FVIXh/bg=="
    },
    "d3-scale": {
      "version": "1.0.7",
      "resolved": "https://registry.npmjs.org/d3-scale/-/d3-scale-1.0.7.tgz",
      "integrity": "sha512-KvU92czp2/qse5tUfGms6Kjig0AhHOwkzXG0+PqIJB3ke0WUv088AHMZI0OssO9NCkXt4RP8yju9rpH8aGB7Lw==",
      "requires": {
        "d3-array": "^1.2.0",
        "d3-collection": "1",
        "d3-color": "1",
        "d3-format": "1",
        "d3-interpolate": "1",
        "d3-time": "1",
        "d3-time-format": "2"
      }
    },
    "d3-shape": {
      "version": "1.3.7",
      "resolved": "https://registry.npmjs.org/d3-shape/-/d3-shape-1.3.7.tgz",
      "integrity": "sha512-EUkvKjqPFUAZyOlhY5gzCxCeI0Aep04LwIRpsZ/mLFelJiUfnK56jo5JMDSE7yyP2kLSb6LtF+S5chMk7uqPqw==",
      "requires": {
        "d3-path": "1"
      }
    },
    "d3-time": {
      "version": "1.1.0",
      "resolved": "https://registry.npmjs.org/d3-time/-/d3-time-1.1.0.tgz",
      "integrity": "sha512-Xh0isrZ5rPYYdqhAVk8VLnMEidhz5aP7htAADH6MfzgmmicPkTo8LhkLxci61/lCB7n7UmE3bN0leRt+qvkLxA=="
    },
    "d3-time-format": {
      "version": "2.3.0",
      "resolved": "https://registry.npmjs.org/d3-time-format/-/d3-time-format-2.3.0.tgz",
      "integrity": "sha512-guv6b2H37s2Uq/GefleCDtbe0XZAuy7Wa49VGkPVPMfLL9qObgBST3lEHJBMUp8S7NdLQAGIvr2KXk8Hc98iKQ==",
      "requires": {
        "d3-time": "1"
      }
    },
    "d3-timer": {
      "version": "1.0.10",
      "resolved": "https://registry.npmjs.org/d3-timer/-/d3-timer-1.0.10.tgz",
      "integrity": "sha512-B1JDm0XDaQC+uvo4DT79H0XmBskgS3l6Ve+1SBCfxgmtIb1AVrPIoqd+nPSv+loMX8szQ0sVUhGngL7D5QPiXw=="
    },
    "d3-voronoi": {
      "version": "1.1.4",
      "resolved": "https://registry.npmjs.org/d3-voronoi/-/d3-voronoi-1.1.4.tgz",
      "integrity": "sha512-dArJ32hchFsrQ8uMiTBLq256MpnZjeuBtdHpaDlYuQyjU0CVzCJl/BVW+SkszaAeH95D/8gxqAhgx0ouAWAfRg=="
    },
    "delaunator": {
      "version": "4.0.1",
      "resolved": "https://registry.npmjs.org/delaunator/-/delaunator-4.0.1.tgz",
      "integrity": "sha512-WNPWi1IRKZfCt/qIDMfERkDp93+iZEmOxN2yy4Jg+Xhv8SLk2UTqqbe1sfiipn0and9QrE914/ihdx82Y/Giag=="
    },
    "delaunay-find": {
      "version": "0.0.5",
      "resolved": "https://registry.npmjs.org/delaunay-find/-/delaunay-find-0.0.5.tgz",
      "integrity": "sha512-7yAJ/wmKWj3SgqjtkGqT/RCwI0HWAo5YnHMoF5nYXD8cdci+YSo23iPmgrZUNOpDxRWN91PqxUvMMr2lKpjr+w==",
      "requires": {
        "delaunator": "^4.0.0"
      }
    },
    "file-match": {
      "version": "1.0.2",
      "resolved": "https://registry.npmjs.org/file-match/-/file-match-1.0.2.tgz",
      "integrity": "sha1-ycrSZdLIrfOoFHWw30dYWQafrvc=",
      "requires": {
        "utils-extend": "^1.0.6"
      }
    },
    "internmap": {
      "version": "1.0.1",
      "resolved": "https://registry.npmjs.org/internmap/-/internmap-1.0.1.tgz",
      "integrity": "sha512-lDB5YccMydFBtasVtxnZ3MRBHuaoE8GKsppq+EchKL2U4nK/DmEpPHNH8MZe5HkMtpSiTSOZwfN0tzYjO/lJEw=="
    },
    "js-tokens": {
      "version": "4.0.0",
      "resolved": "https://registry.npmjs.org/js-tokens/-/js-tokens-4.0.0.tgz",
      "integrity": "sha512-RdJUflcE3cUzKiMqQgsCu06FPu9UdIJO0beYbPhHN4k6apgJtifcoCtT9bcxOpYBtpD2kCM6Sbzg4CausW/PKQ=="
    },
    "json-stringify-safe": {
      "version": "5.0.1",
      "resolved": "https://registry.npmjs.org/json-stringify-safe/-/json-stringify-safe-5.0.1.tgz",
      "integrity": "sha1-Epai1Y/UXxmg9s4B1lcB4sc1tus="
    },
    "lodash": {
      "version": "4.17.21",
      "resolved": "https://registry.npmjs.org/lodash/-/lodash-4.17.21.tgz",
      "integrity": "sha512-v2kDEe57lecTulaDIuNTPy3Ry4gLGJ6Z1O3vE1krgXZNrsQ+LFTGHVxVjcXPs17LhbZVGedAJv8XZ1tvj5FvSg=="
    },
    "loose-envify": {
      "version": "1.4.0",
      "resolved": "https://registry.npmjs.org/loose-envify/-/loose-envify-1.4.0.tgz",
      "integrity": "sha512-lyuxPGr/Wfhrlem2CL/UcnUc1zcqKAImBDzukY7Y5F/yQiNdko6+fRLevlw1HgMySw7f611UIY408EtxRSoK3Q==",
      "requires": {
        "js-tokens": "^3.0.0 || ^4.0.0"
      }
    },
    "object-assign": {
      "version": "4.1.1",
      "resolved": "https://registry.npmjs.org/object-assign/-/object-assign-4.1.1.tgz",
      "integrity": "sha1-IQmtx5ZYh8/AXLvUQsrIv7s2CGM="
    },
    "prop-types": {
      "version": "15.7.2",
      "resolved": "https://registry.npmjs.org/prop-types/-/prop-types-15.7.2.tgz",
      "integrity": "sha512-8QQikdH7//R2vurIJSutZ1smHYTcLpRWEOlHnzcWHmBYrOGUysKwSsrC89BCiFj3CbrfJ/nXFdJepOVrY1GCHQ==",
      "requires": {
        "loose-envify": "^1.4.0",
        "object-assign": "^4.1.1",
        "react-is": "^16.8.1"
      }
    },
    "react-fast-compare": {
      "version": "2.0.4",
      "resolved": "https://registry.npmjs.org/react-fast-compare/-/react-fast-compare-2.0.4.tgz",
      "integrity": "sha512-suNP+J1VU1MWFKcyt7RtjiSWUjvidmQSlqu+eHslq+342xCbGTYmC0mEhPCOHxlW0CywylOC1u2DFAT+bv4dBw=="
    },
    "react-is": {
      "version": "16.13.1",
      "resolved": "https://registry.npmjs.org/react-is/-/react-is-16.13.1.tgz",
      "integrity": "sha512-24e6ynE2H+OKt4kqsOvNd8kBpV65zoxbA4BVsEOB3ARVWQki/DHzaUoC5KuON/BiccDaCCTZBuOcfZs70kR8bQ=="
    },
    "utils-extend": {
      "version": "1.0.8",
      "resolved": "https://registry.npmjs.org/utils-extend/-/utils-extend-1.0.8.tgz",
      "integrity": "sha1-zP17ZFQPjpDuIe7Fd2nQZRyril8="
    },
    "victory": {
      "version": "35.5.1",
      "resolved": "https://registry.npmjs.org/victory/-/victory-35.5.1.tgz",
      "integrity": "sha512-kjUl4gmvdFVQsuoo+gIm2A6tEHyPhrNYzF6RLA2hxQnWCuTnK2Jf0JV6rRE3D4Z68JbDCnnucnQ2BPT3nxeVLw==",
      "requires": {
        "victory-area": "^35.5.1",
        "victory-axis": "^35.5.1",
        "victory-bar": "^35.5.1",
        "victory-box-plot": "^35.5.1",
        "victory-brush-container": "^35.5.1",
        "victory-brush-line": "^35.5.1",
        "victory-candlestick": "^35.5.1",
        "victory-chart": "^35.5.1",
        "victory-core": "^35.5.1",
        "victory-create-container": "^35.5.1",
        "victory-cursor-container": "^35.5.1",
        "victory-errorbar": "^35.5.1",
        "victory-group": "^35.5.1",
        "victory-histogram": "^35.5.1",
        "victory-legend": "^35.5.1",
        "victory-line": "^35.5.1",
        "victory-pie": "^35.5.1",
        "victory-polar-axis": "^35.5.1",
        "victory-scatter": "^35.5.1",
        "victory-selection-container": "^35.5.1",
        "victory-shared-events": "^35.5.1",
        "victory-stack": "^35.5.1",
        "victory-tooltip": "^35.5.1",
        "victory-voronoi": "^35.5.1",
        "victory-voronoi-container": "^35.5.1",
        "victory-zoom-container": "^35.5.1"
      }
    },
    "victory-area": {
      "version": "35.5.1",
      "resolved": "https://registry.npmjs.org/victory-area/-/victory-area-35.5.1.tgz",
      "integrity": "sha512-pN/xPMgRIQLCgLml+sAIT2lfoG/VNM+nzIuILoBQ0vAguwQLaDxpACC0Hgn+R/13odvX7jNp6ASb0u528F/aMA==",
      "requires": {
        "d3-shape": "^1.2.0",
        "lodash": "^4.17.19",
        "prop-types": "^15.5.8",
        "victory-core": "^35.5.1"
      }
    },
    "victory-axis": {
      "version": "35.5.1",
      "resolved": "https://registry.npmjs.org/victory-axis/-/victory-axis-35.5.1.tgz",
      "integrity": "sha512-VKEl4l0cLcqyR9VdMUntWiEhsfGDukQI+GPtji2Ng7QCuwhwZBhAY9+MkxDzYcTvtG7Cqi4+E5hZyPtHHxOUBw==",
      "requires": {
        "lodash": "^4.17.19",
        "prop-types": "^15.5.8",
        "victory-core": "^35.5.1"
      }
    },
    "victory-bar": {
      "version": "35.5.1",
      "resolved": "https://registry.npmjs.org/victory-bar/-/victory-bar-35.5.1.tgz",
      "integrity": "sha512-JsfPCeeyUV1mLYcZTaeVKjT2Xt3L4aRt72yvbOy9IGyhuc/JtuFCcz9lSaBRKgZhHJ2px1rth1hO/dVdEx0dqg==",
      "requires": {
        "d3-shape": "^1.2.0",
        "lodash": "^4.17.19",
        "prop-types": "^15.5.8",
        "victory-core": "^35.5.1"
      }
    },
    "victory-box-plot": {
      "version": "35.5.1",
      "resolved": "https://registry.npmjs.org/victory-box-plot/-/victory-box-plot-35.5.1.tgz",
      "integrity": "sha512-gJyikBfrSQ4JlF3nUMPQJbqFFyLwSy5X5DUuAifHbS1IDxO2u96f3LPI8fvElIi+5g1PwaIo8/qN2tKfSk4kGg==",
      "requires": {
        "d3-array": "^1.2.0",
        "lodash": "^4.17.19",
        "prop-types": "^15.5.8",
        "victory-core": "^35.5.1"
      }
    },
    "victory-brush-container": {
      "version": "35.5.1",
      "resolved": "https://registry.npmjs.org/victory-brush-container/-/victory-brush-container-35.5.1.tgz",
      "integrity": "sha512-SMWlZyEhqz+VAJ+n3yoyMEPyQtMB9voikXG43Zj6KdTnVmFzTGtAis6PB24CphLaYyuxD7ko5vD62nAs9IEPfA==",
      "requires": {
        "lodash": "^4.17.19",
        "prop-types": "^15.5.8",
        "react-fast-compare": "^2.0.0",
        "victory-core": "^35.5.1"
      }
    },
    "victory-brush-line": {
      "version": "35.5.1",
      "resolved": "https://registry.npmjs.org/victory-brush-line/-/victory-brush-line-35.5.1.tgz",
      "integrity": "sha512-rHJVY8znXU6UqmM9TUDn5RiOdG2Bnm6068LW/jGbfKTKOVVHrjvvAxquUOdumHugser57CmqnKuncDCn7mqxkA==",
      "requires": {
        "lodash": "^4.17.19",
        "prop-types": "^15.5.8",
        "react-fast-compare": "^2.0.0",
        "victory-core": "^35.5.1"
      }
    },
    "victory-candlestick": {
      "version": "35.5.1",
      "resolved": "https://registry.npmjs.org/victory-candlestick/-/victory-candlestick-35.5.1.tgz",
      "integrity": "sha512-WEoQNXZaCl6jaTv25g2VVQ9eBhV8MqLtMHl3YpEcasRf3s5R0oo9Ebmh1SsEgeKTHdqVMH8EgMRONg+dA4prWg==",
      "requires": {
        "lodash": "^4.17.19",
        "prop-types": "^15.5.8",
        "victory-core": "^35.5.1"
      }
    },
    "victory-chart": {
      "version": "35.5.1",
      "resolved": "https://registry.npmjs.org/victory-chart/-/victory-chart-35.5.1.tgz",
      "integrity": "sha512-LNsH4AKba64f3IXH2WTHpRcl52F9MK5wqxs8Vbwn+FuSCnMo3eIgPYSvBgw2QirXrxtxUnzlsnEXLKd0tNw/bQ==",
      "requires": {
        "lodash": "^4.17.19",
        "prop-types": "^15.5.8",
        "react-fast-compare": "^2.0.0",
        "victory-axis": "^35.5.1",
        "victory-core": "^35.5.1",
        "victory-polar-axis": "^35.5.1",
        "victory-shared-events": "^35.5.1"
      }
    },
    "victory-core": {
      "version": "35.5.1",
      "resolved": "https://registry.npmjs.org/victory-core/-/victory-core-35.5.1.tgz",
      "integrity": "sha512-uzuYD5vn8VH+Wp+EFrIwQ+TCt45Vn4D0+uBh2wwie3fKfamLSmF093AeZPAxt39xCmnNTVOjfZYjUNpiuJ8rnQ==",
      "requires": {
        "d3-ease": "^1.0.0",
        "d3-interpolate": "^1.1.1",
        "d3-scale": "^1.0.0",
        "d3-shape": "^1.2.0",
        "d3-timer": "^1.0.0",
        "lodash": "^4.17.21",
        "prop-types": "^15.5.8",
        "react-fast-compare": "^2.0.0"
      }
    },
    "victory-create-container": {
      "version": "35.5.1",
      "resolved": "https://registry.npmjs.org/victory-create-container/-/victory-create-container-35.5.1.tgz",
      "integrity": "sha512-uzumsrtiPgZcIIzKSIBlD0PTCza2VmFbyed05C1l0p6MX+ehDLQv0JWCNxi1J3crxwcWPxSqYxDqICE4JfRbGQ==",
      "requires": {
        "lodash": "^4.17.19",
        "victory-brush-container": "^35.5.1",
        "victory-core": "^35.5.1",
        "victory-cursor-container": "^35.5.1",
        "victory-selection-container": "^35.5.1",
        "victory-voronoi-container": "^35.5.1",
        "victory-zoom-container": "^35.5.1"
      }
    },
    "victory-cursor-container": {
      "version": "35.5.1",
      "resolved": "https://registry.npmjs.org/victory-cursor-container/-/victory-cursor-container-35.5.1.tgz",
      "integrity": "sha512-vLjrSDrvKiD9EclZdqN4L9VAIPMZEA28rQaODzneWukf7e8vXO9hBKRrQAYFX+fR9vJpL1WNvGLl0pzYo+Ro2w==",
      "requires": {
        "lodash": "^4.17.19",
        "prop-types": "^15.5.8",
        "victory-core": "^35.5.1"
      }
    },
    "victory-errorbar": {
      "version": "35.5.1",
      "resolved": "https://registry.npmjs.org/victory-errorbar/-/victory-errorbar-35.5.1.tgz",
      "integrity": "sha512-0PlXLVtfy9sz7CpMrUnlMoV71JDd7FhFqvWk0IKEiHiGxKinDd70yBSy7I5v7c819PQEFa05kn4qpx8FZXeHvQ==",
      "requires": {
        "lodash": "^4.17.19",
        "prop-types": "^15.5.8",
        "victory-core": "^35.5.1"
      }
    },
    "victory-group": {
      "version": "35.5.1",
      "resolved": "https://registry.npmjs.org/victory-group/-/victory-group-35.5.1.tgz",
      "integrity": "sha512-6PPBt+7jMMCKFFxhTssxUvVGR4WxpuUWWwS2++xLE+a3/bSvFK/n5grec8/vSJAiUyozdMF5aZ+Ku1e9ucfGFw==",
      "requires": {
        "lodash": "^4.17.19",
        "prop-types": "^15.5.8",
        "react-fast-compare": "^2.0.0",
        "victory-core": "^35.5.1",
        "victory-shared-events": "^35.5.1"
      }
    },
    "victory-histogram": {
      "version": "35.5.1",
      "resolved": "https://registry.npmjs.org/victory-histogram/-/victory-histogram-35.5.1.tgz",
      "integrity": "sha512-Z3dxcmB0+VCZFA2cp1L7RFv8s+nyHocALU/ZBl2be7mYvtVAgC+IN5xX1BqyAOyhyhLyjrdXY7p41I1XfTxC2A==",
      "requires": {
        "d3-array": "^2.4.0",
        "d3-scale": "^1.0.0",
        "lodash": "^4.17.19",
        "prop-types": "^15.5.8",
        "react-fast-compare": "^2.0.0",
        "victory-bar": "^35.5.1",
        "victory-core": "^35.5.1"
      },
      "dependencies": {
        "d3-array": {
          "version": "2.12.1",
          "resolved": "https://registry.npmjs.org/d3-array/-/d3-array-2.12.1.tgz",
          "integrity": "sha512-B0ErZK/66mHtEsR1TkPEEkwdy+WDesimkM5gpZr5Dsg54BiTA5RXtYW5qTLIAcekaS9xfZrzBLF/OAkB3Qn1YQ==",
          "requires": {
            "internmap": "^1.0.0"
          }
        }
      }
    },
    "victory-legend": {
      "version": "35.5.1",
      "resolved": "https://registry.npmjs.org/victory-legend/-/victory-legend-35.5.1.tgz",
      "integrity": "sha512-iH3utGDQlA/4D2PbtGJ7PORgF+PU8rUmvbStG389efzoFCtEXfZc0N18a1gZ7BSTqZxU2Hl92ll6nTh/a6br0Q==",
      "requires": {
        "lodash": "^4.17.19",
        "prop-types": "^15.5.8",
        "victory-core": "^35.5.1"
      }
    },
    "victory-line": {
      "version": "35.5.1",
      "resolved": "https://registry.npmjs.org/victory-line/-/victory-line-35.5.1.tgz",
      "integrity": "sha512-KeiNvWfdtztsIFB7vbl2SEfNZhA91mru117hL0g1kehLGauBDUQzWvyGucPsf1Ve4vEmLTsoHu0UUTuhQ3akEQ==",
      "requires": {
        "d3-shape": "^1.2.0",
        "lodash": "^4.17.19",
        "prop-types": "^15.5.8",
        "victory-core": "^35.5.1"
      }
    },
    "victory-pie": {
      "version": "35.5.1",
      "resolved": "https://registry.npmjs.org/victory-pie/-/victory-pie-35.5.1.tgz",
      "integrity": "sha512-MY5DFr8xCc0UswzgugmTzd3a762iuG8WjhISz+iXCVKX3hjivLF66/BpC0FDjBXnIhlIuP8nB4zaIEVOCtz1KQ==",
      "requires": {
        "d3-shape": "^1.0.0",
        "lodash": "^4.17.19",
        "prop-types": "^15.5.8",
        "victory-core": "^35.5.1"
      }
    },
    "victory-polar-axis": {
      "version": "35.5.1",
      "resolved": "https://registry.npmjs.org/victory-polar-axis/-/victory-polar-axis-35.5.1.tgz",
      "integrity": "sha512-Wg9xdGHWva3KRkhezwA4cqrrlaE5GyIXz/00bb6jESbL7G3/d/yhPV3G5LQFt7RsSDedQ+zDlAfsOJxpRIjI9Q==",
      "requires": {
        "lodash": "^4.17.19",
        "prop-types": "^15.5.8",
        "victory-core": "^35.5.1"
      }
    },
    "victory-scatter": {
      "version": "35.5.1",
      "resolved": "https://registry.npmjs.org/victory-scatter/-/victory-scatter-35.5.1.tgz",
      "integrity": "sha512-eftpyucYPTPppYorwKFpKszxiJRwDClaq//4kyHxByLWkJEFZuGhUiEtHVw6+mU5lpyJ7b0Yn/+MWqTwqxADHg==",
      "requires": {
        "lodash": "^4.17.19",
        "prop-types": "^15.5.8",
        "victory-core": "^35.5.1"
      }
    },
    "victory-selection-container": {
      "version": "35.5.1",
      "resolved": "https://registry.npmjs.org/victory-selection-container/-/victory-selection-container-35.5.1.tgz",
      "integrity": "sha512-wLYlHlfR/si/IqhxJjLo+oKBsPaUMBVFONaOmnsogQ3X18aP1sAWMEgrwr05WKaSqEhRP2WWea7gVpnt82D6Sg==",
      "requires": {
        "lodash": "^4.17.19",
        "prop-types": "^15.5.8",
        "victory-core": "^35.5.1"
      }
    },
    "victory-shared-events": {
      "version": "35.5.1",
      "resolved": "https://registry.npmjs.org/victory-shared-events/-/victory-shared-events-35.5.1.tgz",
      "integrity": "sha512-qTt1UGKqd3r1SYIVEz6v8P7gLUkIcWD3XQChWBe9hK7Ee9TL8mFmRTdFBN/inZdR2wLlV5K7zWrfJcRGEHsuBg==",
      "requires": {
        "json-stringify-safe": "^5.0.1",
        "lodash": "^4.17.19",
        "prop-types": "^15.5.8",
        "react-fast-compare": "^2.0.0",
        "victory-core": "^35.5.1"
      }
    },
    "victory-stack": {
      "version": "35.5.1",
      "resolved": "https://registry.npmjs.org/victory-stack/-/victory-stack-35.5.1.tgz",
      "integrity": "sha512-8BmNGzCj18SEXDtFnRGgTFqdTWK4rxlkJJlVV0JZ2DbUzrlnYLx4dhzYzgQgZx0R3Ca6o9fQ5rxx8JUSCgn61A==",
      "requires": {
        "lodash": "^4.17.19",
        "prop-types": "^15.5.8",
        "react-fast-compare": "^2.0.0",
        "victory-core": "^35.5.1",
        "victory-shared-events": "^35.5.1"
      }
    },
    "victory-tooltip": {
      "version": "35.5.1",
      "resolved": "https://registry.npmjs.org/victory-tooltip/-/victory-tooltip-35.5.1.tgz",
      "integrity": "sha512-xcbVvOqls9PGPqS+2agUZShlreU6pGe3x/JKCbOTL/qIbU5dkcYaZ2BfqmRVq5zTSVPhgpe50Bn83cd5NfqIqg==",
      "requires": {
        "lodash": "^4.17.19",
        "prop-types": "^15.5.8",
        "victory-core": "^35.5.1"
      }
    },
    "victory-voronoi": {
      "version": "35.5.1",
      "resolved": "https://registry.npmjs.org/victory-voronoi/-/victory-voronoi-35.5.1.tgz",
      "integrity": "sha512-MZDk+ZzYRaC/UDBSRoSI3Rks/D8bhh7jMjef4JFtio0m4eNt2Ft8Mrb4erl7UGCU7uOOb+OW3zPRWDvrbRlRfg==",
      "requires": {
        "d3-voronoi": "^1.1.2",
        "lodash": "^4.17.19",
        "prop-types": "^15.5.8",
        "victory-core": "^35.5.1"
      }
    },
    "victory-voronoi-container": {
      "version": "35.5.1",
      "resolved": "https://registry.npmjs.org/victory-voronoi-container/-/victory-voronoi-container-35.5.1.tgz",
      "integrity": "sha512-BuOv4WQxC/eJvqU7y7ZzMVQo034I8OZX0kqimLEnoBPep+GsK9W0uKqRzeB01O5H/onUyEmdcXs+wVEvbAYfJQ==",
      "requires": {
        "delaunay-find": "0.0.5",
        "lodash": "^4.17.19",
        "prop-types": "^15.5.8",
        "react-fast-compare": "^2.0.0",
        "victory-core": "^35.5.1",
        "victory-tooltip": "^35.5.1"
      }
    },
    "victory-zoom-container": {
      "version": "35.5.1",
      "resolved": "https://registry.npmjs.org/victory-zoom-container/-/victory-zoom-container-35.5.1.tgz",
      "integrity": "sha512-UuMhIqv/NzYKlibiY5l3hluCdKftw0GCHDiXAmPRfyfodc1qDolysPMSwxpUSBQ9RT+XzPHJAatZH2Nw8G5ZIQ==",
      "requires": {
        "lodash": "^4.17.19",
        "prop-types": "^15.5.8",
        "victory-core": "^35.5.1"
      }
    }
  }
}
